// !$*UTF8*$!
{
	archiveVersion = 1;
	classes = {
	};
	objectVersion = 51;
	objects = {

/* Begin PBXBuildFile section */
		4EA573A34F01A0E617FF94FE /* Pods_NoteApp2Tests.framework in Frameworks */ = {isa = PBXBuildFile; fileRef = 7EF71815B2680FDB6CABE1DF /* Pods_NoteApp2Tests.framework */; };
		5A920BAA4BC4B67117DDDBDF /* Pods_NoteApp2_NoteApp2UITests.framework in Frameworks */ = {isa = PBXBuildFile; fileRef = 07B47C4558154E59EF5B3CB9 /* Pods_NoteApp2_NoteApp2UITests.framework */; };
		AD3E522B3A289CCC54B9B106 /* Pods_NoteApp2.framework in Frameworks */ = {isa = PBXBuildFile; fileRef = 988D9827FD87AB6D925106DF /* Pods_NoteApp2.framework */; };
		C5513EE525149DFF000887BA /* AppDelegate.swift in Sources */ = {isa = PBXBuildFile; fileRef = C5513EE425149DFF000887BA /* AppDelegate.swift */; };
		C5513EE725149DFF000887BA /* SceneDelegate.swift in Sources */ = {isa = PBXBuildFile; fileRef = C5513EE625149DFF000887BA /* SceneDelegate.swift */; };
		C5513EE925149DFF000887BA /* ContentView.swift in Sources */ = {isa = PBXBuildFile; fileRef = C5513EE825149DFF000887BA /* ContentView.swift */; };
		C5513EEB25149E02000887BA /* Assets.xcassets in Resources */ = {isa = PBXBuildFile; fileRef = C5513EEA25149E02000887BA /* Assets.xcassets */; };
		C5513EEE25149E02000887BA /* Preview Assets.xcassets in Resources */ = {isa = PBXBuildFile; fileRef = C5513EED25149E02000887BA /* Preview Assets.xcassets */; };
		C5513EF125149E02000887BA /* LaunchScreen.storyboard in Resources */ = {isa = PBXBuildFile; fileRef = C5513EEF25149E02000887BA /* LaunchScreen.storyboard */; };
		C5513EFC25149E02000887BA /* NoteApp2Tests.swift in Sources */ = {isa = PBXBuildFile; fileRef = C5513EFB25149E02000887BA /* NoteApp2Tests.swift */; };
		C5513F0725149E02000887BA /* NoteApp2UITests.swift in Sources */ = {isa = PBXBuildFile; fileRef = C5513F0625149E02000887BA /* NoteApp2UITests.swift */; };
		C5513F1825149EBA000887BA /* DetailView.swift in Sources */ = {isa = PBXBuildFile; fileRef = C5513F1725149EBA000887BA /* DetailView.swift */; };
		C5513F1A25149EC1000887BA /* MyTextView.swift in Sources */ = {isa = PBXBuildFile; fileRef = C5513F1925149EC1000887BA /* MyTextView.swift */; };
		C5513F1C25149EE3000887BA /* Repo.swift in Sources */ = {isa = PBXBuildFile; fileRef = C5513F1B25149EE3000887BA /* Repo.swift */; };
		C5513F1E25149EEE000887BA /* Note.swift in Sources */ = {isa = PBXBuildFile; fileRef = C5513F1D25149EEE000887BA /* Note.swift */; };
		C5EE1C012514A72F00B3F987 /* GoogleService-Info.plist in Resources */ = {isa = PBXBuildFile; fileRef = C5EE1C002514A72F00B3F987 /* GoogleService-Info.plist */; };
/* End PBXBuildFile section */

/* Begin PBXContainerItemProxy section */
		C5513EF825149E02000887BA /* PBXContainerItemProxy */ = {
			isa = PBXContainerItemProxy;
			containerPortal = C5513ED925149DFF000887BA /* Project object */;
			proxyType = 1;
			remoteGlobalIDString = C5513EE025149DFF000887BA;
			remoteInfo = NoteApp2;
		};
		C5513F0325149E02000887BA /* PBXContainerItemProxy */ = {
			isa = PBXContainerItemProxy;
			containerPortal = C5513ED925149DFF000887BA /* Project object */;
			proxyType = 1;
			remoteGlobalIDString = C5513EE025149DFF000887BA;
			remoteInfo = NoteApp2;
		};
/* End PBXContainerItemProxy section */

/* Begin PBXFileReference section */
		07B47C4558154E59EF5B3CB9 /* Pods_NoteApp2_NoteApp2UITests.framework */ = {isa = PBXFileReference; explicitFileType = wrapper.framework; includeInIndex = 0; path = Pods_NoteApp2_NoteApp2UITests.framework; sourceTree = BUILT_PRODUCTS_DIR; };
		3106F1611B0FE472B1E89F31 /* Pods-NoteApp2-NoteApp2UITests.debug.xcconfig */ = {isa = PBXFileReference; includeInIndex = 1; lastKnownFileType = text.xcconfig; name = "Pods-NoteApp2-NoteApp2UITests.debug.xcconfig"; path = "Target Support Files/Pods-NoteApp2-NoteApp2UITests/Pods-NoteApp2-NoteApp2UITests.debug.xcconfig"; sourceTree = "<group>"; };
		34DD6DE3915E153AA107B907 /* Pods-NoteApp2-NoteApp2UITests.release.xcconfig */ = {isa = PBXFileReference; includeInIndex = 1; lastKnownFileType = text.xcconfig; name = "Pods-NoteApp2-NoteApp2UITests.release.xcconfig"; path = "Target Support Files/Pods-NoteApp2-NoteApp2UITests/Pods-NoteApp2-NoteApp2UITests.release.xcconfig"; sourceTree = "<group>"; };
		4795BFA1D51AAC79B3DC1A6F /* Pods-NoteApp2.release.xcconfig */ = {isa = PBXFileReference; includeInIndex = 1; lastKnownFileType = text.xcconfig; name = "Pods-NoteApp2.release.xcconfig"; path = "Target Support Files/Pods-NoteApp2/Pods-NoteApp2.release.xcconfig"; sourceTree = "<group>"; };
		7EF71815B2680FDB6CABE1DF /* Pods_NoteApp2Tests.framework */ = {isa = PBXFileReference; explicitFileType = wrapper.framework; includeInIndex = 0; path = Pods_NoteApp2Tests.framework; sourceTree = BUILT_PRODUCTS_DIR; };
		92EB1E64BAB653C24A505FE6 /* Pods-NoteApp2.debug.xcconfig */ = {isa = PBXFileReference; includeInIndex = 1; lastKnownFileType = text.xcconfig; name = "Pods-NoteApp2.debug.xcconfig"; path = "Target Support Files/Pods-NoteApp2/Pods-NoteApp2.debug.xcconfig"; sourceTree = "<group>"; };
		988D9827FD87AB6D925106DF /* Pods_NoteApp2.framework */ = {isa = PBXFileReference; explicitFileType = wrapper.framework; includeInIndex = 0; path = Pods_NoteApp2.framework; sourceTree = BUILT_PRODUCTS_DIR; };
		9E68DF911436E70393D86868 /* Pods-NoteApp2Tests.release.xcconfig */ = {isa = PBXFileReference; includeInIndex = 1; lastKnownFileType = text.xcconfig; name = "Pods-NoteApp2Tests.release.xcconfig"; path = "Target Support Files/Pods-NoteApp2Tests/Pods-NoteApp2Tests.release.xcconfig"; sourceTree = "<group>"; };
		C5513EE125149DFF000887BA /* NoteApp2.app */ = {isa = PBXFileReference; explicitFileType = wrapper.application; includeInIndex = 0; path = NoteApp2.app; sourceTree = BUILT_PRODUCTS_DIR; };
		C5513EE425149DFF000887BA /* AppDelegate.swift */ = {isa = PBXFileReference; lastKnownFileType = sourcecode.swift; path = AppDelegate.swift; sourceTree = "<group>"; };
		C5513EE625149DFF000887BA /* SceneDelegate.swift */ = {isa = PBXFileReference; lastKnownFileType = sourcecode.swift; path = SceneDelegate.swift; sourceTree = "<group>"; };
		C5513EE825149DFF000887BA /* ContentView.swift */ = {isa = PBXFileReference; lastKnownFileType = sourcecode.swift; path = ContentView.swift; sourceTree = "<group>"; };
		C5513EEA25149E02000887BA /* Assets.xcassets */ = {isa = PBXFileReference; lastKnownFileType = folder.assetcatalog; path = Assets.xcassets; sourceTree = "<group>"; };
		C5513EED25149E02000887BA /* Preview Assets.xcassets */ = {isa = PBXFileReference; lastKnownFileType = folder.assetcatalog; path = "Preview Assets.xcassets"; sourceTree = "<group>"; };
		C5513EF025149E02000887BA /* Base */ = {isa = PBXFileReference; lastKnownFileType = file.storyboard; name = Base; path = Base.lproj/LaunchScreen.storyboard; sourceTree = "<group>"; };
		C5513EF225149E02000887BA /* Info.plist */ = {isa = PBXFileReference; lastKnownFileType = text.plist.xml; path = Info.plist; sourceTree = "<group>"; };
		C5513EF725149E02000887BA /* NoteApp2Tests.xctest */ = {isa = PBXFileReference; explicitFileType = wrapper.cfbundle; includeInIndex = 0; path = NoteApp2Tests.xctest; sourceTree = BUILT_PRODUCTS_DIR; };
		C5513EFB25149E02000887BA /* NoteApp2Tests.swift */ = {isa = PBXFileReference; lastKnownFileType = sourcecode.swift; path = NoteApp2Tests.swift; sourceTree = "<group>"; };
		C5513EFD25149E02000887BA /* Info.plist */ = {isa = PBXFileReference; lastKnownFileType = text.plist.xml; path = Info.plist; sourceTree = "<group>"; };
		C5513F0225149E02000887BA /* NoteApp2UITests.xctest */ = {isa = PBXFileReference; explicitFileType = wrapper.cfbundle; includeInIndex = 0; path = NoteApp2UITests.xctest; sourceTree = BUILT_PRODUCTS_DIR; };
		C5513F0625149E02000887BA /* NoteApp2UITests.swift */ = {isa = PBXFileReference; lastKnownFileType = sourcecode.swift; path = NoteApp2UITests.swift; sourceTree = "<group>"; };
		C5513F0825149E02000887BA /* Info.plist */ = {isa = PBXFileReference; lastKnownFileType = text.plist.xml; path = Info.plist; sourceTree = "<group>"; };
		C5513F1725149EBA000887BA /* DetailView.swift */ = {isa = PBXFileReference; fileEncoding = 4; lastKnownFileType = sourcecode.swift; name = DetailView.swift; path = "../../../../../Downloads/SwiftUIEditor-2/view/DetailView.swift"; sourceTree = "<group>"; };
		C5513F1925149EC1000887BA /* MyTextView.swift */ = {isa = PBXFileReference; fileEncoding = 4; lastKnownFileType = sourcecode.swift; name = MyTextView.swift; path = "../../../../../Downloads/SwiftUIEditor-2/view/MyTextView.swift"; sourceTree = "<group>"; };
		C5513F1B25149EE3000887BA /* Repo.swift */ = {isa = PBXFileReference; fileEncoding = 4; lastKnownFileType = sourcecode.swift; name = Repo.swift; path = "../../../../../Downloads/SwiftUIEditor-2/repo/Repo.swift"; sourceTree = "<group>"; };
		C5513F1D25149EEE000887BA /* Note.swift */ = {isa = PBXFileReference; fileEncoding = 4; lastKnownFileType = sourcecode.swift; name = Note.swift; path = "../../../../../Downloads/SwiftUIEditor-2/model/Note.swift"; sourceTree = "<group>"; };
		C5EE1C002514A72F00B3F987 /* GoogleService-Info.plist */ = {isa = PBXFileReference; fileEncoding = 4; lastKnownFileType = text.plist.xml; name = "GoogleService-Info.plist"; path = "../../../../Downloads/GoogleService-Info.plist"; sourceTree = "<group>"; };
		DF5CCC0DE232D7EAF34BED5F /* Pods-NoteApp2Tests.debug.xcconfig */ = {isa = PBXFileReference; includeInIndex = 1; lastKnownFileType = text.xcconfig; name = "Pods-NoteApp2Tests.debug.xcconfig"; path = "Target Support Files/Pods-NoteApp2Tests/Pods-NoteApp2Tests.debug.xcconfig"; sourceTree = "<group>"; };
/* End PBXFileReference section */

/* Begin PBXFrameworksBuildPhase section */
		C5513EDE25149DFF000887BA /* Frameworks */ = {
			isa = PBXFrameworksBuildPhase;
			buildActionMask = 2147483647;
			files = (
				AD3E522B3A289CCC54B9B106 /* Pods_NoteApp2.framework in Frameworks */,
			);
			runOnlyForDeploymentPostprocessing = 0;
		};
		C5513EF425149E02000887BA /* Frameworks */ = {
			isa = PBXFrameworksBuildPhase;
			buildActionMask = 2147483647;
			files = (
				4EA573A34F01A0E617FF94FE /* Pods_NoteApp2Tests.framework in Frameworks */,
			);
			runOnlyForDeploymentPostprocessing = 0;
		};
		C5513EFF25149E02000887BA /* Frameworks */ = {
			isa = PBXFrameworksBuildPhase;
			buildActionMask = 2147483647;
			files = (
				5A920BAA4BC4B67117DDDBDF /* Pods_NoteApp2_NoteApp2UITests.framework in Frameworks */,
			);
			runOnlyForDeploymentPostprocessing = 0;
		};
/* End PBXFrameworksBuildPhase section */

/* Begin PBXGroup section */
		A9A80BB81907DD7C95807F29 /* Pods */ = {
			isa = PBXGroup;
			children = (
				92EB1E64BAB653C24A505FE6 /* Pods-NoteApp2.debug.xcconfig */,
				4795BFA1D51AAC79B3DC1A6F /* Pods-NoteApp2.release.xcconfig */,
				3106F1611B0FE472B1E89F31 /* Pods-NoteApp2-NoteApp2UITests.debug.xcconfig */,
				34DD6DE3915E153AA107B907 /* Pods-NoteApp2-NoteApp2UITests.release.xcconfig */,
				DF5CCC0DE232D7EAF34BED5F /* Pods-NoteApp2Tests.debug.xcconfig */,
				9E68DF911436E70393D86868 /* Pods-NoteApp2Tests.release.xcconfig */,
			);
			path = Pods;
			sourceTree = "<group>";
		};
		C5513ED825149DFF000887BA = {
			isa = PBXGroup;
			children = (
				C5513EE325149DFF000887BA /* NoteApp2 */,
				C5513EFA25149E02000887BA /* NoteApp2Tests */,
				C5513F0525149E02000887BA /* NoteApp2UITests */,
				C5513EE225149DFF000887BA /* Products */,
				A9A80BB81907DD7C95807F29 /* Pods */,
				D714C156AA1C552B1D1E7D61 /* Frameworks */,
			);
			sourceTree = "<group>";
		};
		C5513EE225149DFF000887BA /* Products */ = {
			isa = PBXGroup;
			children = (
				C5513EE125149DFF000887BA /* NoteApp2.app */,
				C5513EF725149E02000887BA /* NoteApp2Tests.xctest */,
				C5513F0225149E02000887BA /* NoteApp2UITests.xctest */,
			);
			name = Products;
			sourceTree = "<group>";
		};
		C5513EE325149DFF000887BA /* NoteApp2 */ = {
			isa = PBXGroup;
			children = (
				C5513F1625149EA3000887BA /* view */,
				C5513EE425149DFF000887BA /* AppDelegate.swift */,
				C5513EEA25149E02000887BA /* Assets.xcassets */,
				C5513EF225149E02000887BA /* Info.plist */,
				C5EE1C002514A72F00B3F987 /* GoogleService-Info.plist */,
				C5513EEF25149E02000887BA /* LaunchScreen.storyboard */,
				C5513F1425149E47000887BA /* model */,
				C5513EEC25149E02000887BA /* Preview Content */,
				C5513F1525149E51000887BA /* repo */,
				C5513EE625149DFF000887BA /* SceneDelegate.swift */,
			);
			path = NoteApp2;
			sourceTree = "<group>";
		};
		C5513EEC25149E02000887BA /* Preview Content */ = {
			isa = PBXGroup;
			children = (
				C5513EED25149E02000887BA /* Preview Assets.xcassets */,
			);
			path = "Preview Content";
			sourceTree = "<group>";
		};
		C5513EFA25149E02000887BA /* NoteApp2Tests */ = {
			isa = PBXGroup;
			children = (
				C5513EFB25149E02000887BA /* NoteApp2Tests.swift */,
				C5513EFD25149E02000887BA /* Info.plist */,
			);
			path = NoteApp2Tests;
			sourceTree = "<group>";
		};
		C5513F0525149E02000887BA /* NoteApp2UITests */ = {
			isa = PBXGroup;
			children = (
				C5513F0625149E02000887BA /* NoteApp2UITests.swift */,
				C5513F0825149E02000887BA /* Info.plist */,
			);
			path = NoteApp2UITests;
			sourceTree = "<group>";
		};
		C5513F1425149E47000887BA /* model */ = {
			isa = PBXGroup;
			children = (
				C5513F1D25149EEE000887BA /* Note.swift */,
			);
			path = model;
			sourceTree = "<group>";
		};
		C5513F1525149E51000887BA /* repo */ = {
			isa = PBXGroup;
			children = (
				C5513F1B25149EE3000887BA /* Repo.swift */,
			);
			path = repo;
			sourceTree = "<group>";
		};
		C5513F1625149EA3000887BA /* view */ = {
			isa = PBXGroup;
			children = (
				C5513EE825149DFF000887BA /* ContentView.swift */,
				C5513F1725149EBA000887BA /* DetailView.swift */,
				C5513F1925149EC1000887BA /* MyTextView.swift */,
			);
			path = view;
			sourceTree = "<group>";
		};
		D714C156AA1C552B1D1E7D61 /* Frameworks */ = {
			isa = PBXGroup;
			children = (
				988D9827FD87AB6D925106DF /* Pods_NoteApp2.framework */,
				07B47C4558154E59EF5B3CB9 /* Pods_NoteApp2_NoteApp2UITests.framework */,
				7EF71815B2680FDB6CABE1DF /* Pods_NoteApp2Tests.framework */,
			);
			name = Frameworks;
			sourceTree = "<group>";
		};
/* End PBXGroup section */

/* Begin PBXNativeTarget section */
		C5513EE025149DFF000887BA /* NoteApp2 */ = {
			isa = PBXNativeTarget;
			buildConfigurationList = C5513F0B25149E02000887BA /* Build configuration list for PBXNativeTarget "NoteApp2" */;
			buildPhases = (
				C632244EF2588E032E67B950 /* [CP] Check Pods Manifest.lock */,
				C5513EDD25149DFF000887BA /* Sources */,
				C5513EDE25149DFF000887BA /* Frameworks */,
				C5513EDF25149DFF000887BA /* Resources */,
				722D84F5987A5CB1CD479AF4 /* [CP] Embed Pods Frameworks */,
			);
			buildRules = (
			);
			dependencies = (
			);
			name = NoteApp2;
			productName = NoteApp2;
			productReference = C5513EE125149DFF000887BA /* NoteApp2.app */;
			productType = "com.apple.product-type.application";
		};
		C5513EF625149E02000887BA /* NoteApp2Tests */ = {
			isa = PBXNativeTarget;
			buildConfigurationList = C5513F0E25149E02000887BA /* Build configuration list for PBXNativeTarget "NoteApp2Tests" */;
			buildPhases = (
				FACAC6576B1E1C358D636732 /* [CP] Check Pods Manifest.lock */,
				C5513EF325149E02000887BA /* Sources */,
				C5513EF425149E02000887BA /* Frameworks */,
				C5513EF525149E02000887BA /* Resources */,
			);
			buildRules = (
			);
			dependencies = (
				C5513EF925149E02000887BA /* PBXTargetDependency */,
			);
			name = NoteApp2Tests;
			productName = NoteApp2Tests;
			productReference = C5513EF725149E02000887BA /* NoteApp2Tests.xctest */;
			productType = "com.apple.product-type.bundle.unit-test";
		};
		C5513F0125149E02000887BA /* NoteApp2UITests */ = {
			isa = PBXNativeTarget;
			buildConfigurationList = C5513F1125149E02000887BA /* Build configuration list for PBXNativeTarget "NoteApp2UITests" */;
			buildPhases = (
				180684E9941333765560BCD3 /* [CP] Check Pods Manifest.lock */,
				C5513EFE25149E02000887BA /* Sources */,
				C5513EFF25149E02000887BA /* Frameworks */,
				C5513F0025149E02000887BA /* Resources */,
				C7E32C26B91474E6D9266D51 /* [CP] Embed Pods Frameworks */,
			);
			buildRules = (
			);
			dependencies = (
				C5513F0425149E02000887BA /* PBXTargetDependency */,
			);
			name = NoteApp2UITests;
			productName = NoteApp2UITests;
			productReference = C5513F0225149E02000887BA /* NoteApp2UITests.xctest */;
			productType = "com.apple.product-type.bundle.ui-testing";
		};
/* End PBXNativeTarget section */

/* Begin PBXProject section */
		C5513ED925149DFF000887BA /* Project object */ = {
			isa = PBXProject;
			attributes = {
				LastSwiftUpdateCheck = 1160;
				LastUpgradeCheck = 1160;
				ORGANIZATIONNAME = "Nadia Hansen";
				TargetAttributes = {
					C5513EE025149DFF000887BA = {
						CreatedOnToolsVersion = 11.6;
					};
					C5513EF625149E02000887BA = {
						CreatedOnToolsVersion = 11.6;
						TestTargetID = C5513EE025149DFF000887BA;
					};
					C5513F0125149E02000887BA = {
						CreatedOnToolsVersion = 11.6;
						TestTargetID = C5513EE025149DFF000887BA;
					};
				};
			};
			buildConfigurationList = C5513EDC25149DFF000887BA /* Build configuration list for PBXProject "NoteApp2" */;
			compatibilityVersion = "Xcode 9.3";
			developmentRegion = en;
			hasScannedForEncodings = 0;
			knownRegions = (
				en,
				Base,
			);
			mainGroup = C5513ED825149DFF000887BA;
			productRefGroup = C5513EE225149DFF000887BA /* Products */;
			projectDirPath = "";
			projectRoot = "";
			targets = (
				C5513EE025149DFF000887BA /* NoteApp2 */,
				C5513EF625149E02000887BA /* NoteApp2Tests */,
				C5513F0125149E02000887BA /* NoteApp2UITests */,
			);
		};
/* End PBXProject section */

/* Begin PBXResourcesBuildPhase section */
		C5513EDF25149DFF000887BA /* Resources */ = {
			isa = PBXResourcesBuildPhase;
			buildActionMask = 2147483647;
			files = (
				C5513EF125149E02000887BA /* LaunchScreen.storyboard in Resources */,
				C5EE1C012514A72F00B3F987 /* GoogleService-Info.plist in Resources */,
				C5513EEE25149E02000887BA /* Preview Assets.xcassets in Resources */,
				C5513EEB25149E02000887BA /* Assets.xcassets in Resources */,
			);
			runOnlyForDeploymentPostprocessing = 0;
		};
		C5513EF525149E02000887BA /* Resources */ = {
			isa = PBXResourcesBuildPhase;
			buildActionMask = 2147483647;
			files = (
			);
			runOnlyForDeploymentPostprocessing = 0;
		};
		C5513F0025149E02000887BA /* Resources */ = {
			isa = PBXResourcesBuildPhase;
			buildActionMask = 2147483647;
			files = (
			);
			runOnlyForDeploymentPostprocessing = 0;
		};
/* End PBXResourcesBuildPhase section */

/* Begin PBXShellScriptBuildPhase section */
		180684E9941333765560BCD3 /* [CP] Check Pods Manifest.lock */ = {
			isa = PBXShellScriptBuildPhase;
			buildActionMask = 2147483647;
			files = (
			);
			inputFileListPaths = (
			);
			inputPaths = (
				"${PODS_PODFILE_DIR_PATH}/Podfile.lock",
				"${PODS_ROOT}/Manifest.lock",
			);
			name = "[CP] Check Pods Manifest.lock";
			outputFileListPaths = (
			);
			outputPaths = (
				"$(DERIVED_FILE_DIR)/Pods-NoteApp2-NoteApp2UITests-checkManifestLockResult.txt",
			);
			runOnlyForDeploymentPostprocessing = 0;
			shellPath = /bin/sh;
			shellScript = "diff \"${PODS_PODFILE_DIR_PATH}/Podfile.lock\" \"${PODS_ROOT}/Manifest.lock\" > /dev/null\nif [ $? != 0 ] ; then\n    # print error to STDERR\n    echo \"error: The sandbox is not in sync with the Podfile.lock. Run 'pod install' or update your CocoaPods installation.\" >&2\n    exit 1\nfi\n# This output is used by Xcode 'outputs' to avoid re-running this script phase.\necho \"SUCCESS\" > \"${SCRIPT_OUTPUT_FILE_0}\"\n";
			showEnvVarsInLog = 0;
		};
		722D84F5987A5CB1CD479AF4 /* [CP] Embed Pods Frameworks */ = {
			isa = PBXShellScriptBuildPhase;
			buildActionMask = 2147483647;
			files = (
			);
			inputFileListPaths = (
				"${PODS_ROOT}/Target Support Files/Pods-NoteApp2/Pods-NoteApp2-frameworks-${CONFIGURATION}-input-files.xcfilelist",
			);
			name = "[CP] Embed Pods Frameworks";
			outputFileListPaths = (
				"${PODS_ROOT}/Target Support Files/Pods-NoteApp2/Pods-NoteApp2-frameworks-${CONFIGURATION}-output-files.xcfilelist",
			);
			runOnlyForDeploymentPostprocessing = 0;
			shellPath = /bin/sh;
			shellScript = "\"${PODS_ROOT}/Target Support Files/Pods-NoteApp2/Pods-NoteApp2-frameworks.sh\"\n";
			showEnvVarsInLog = 0;
		};
		C632244EF2588E032E67B950 /* [CP] Check Pods Manifest.lock */ = {
			isa = PBXShellScriptBuildPhase;
			buildActionMask = 2147483647;
			files = (
			);
			inputFileListPaths = (
			);
			inputPaths = (
				"${PODS_PODFILE_DIR_PATH}/Podfile.lock",
				"${PODS_ROOT}/Manifest.lock",
			);
			name = "[CP] Check Pods Manifest.lock";
			outputFileListPaths = (
			);
			outputPaths = (
				"$(DERIVED_FILE_DIR)/Pods-NoteApp2-checkManifestLockResult.txt",
			);
			runOnlyForDeploymentPostprocessing = 0;
			shellPath = /bin/sh;
			shellScript = "diff \"${PODS_PODFILE_DIR_PATH}/Podfile.lock\" \"${PODS_ROOT}/Manifest.lock\" > /dev/null\nif [ $? != 0 ] ; then\n    # print error to STDERR\n    echo \"error: The sandbox is not in sync with the Podfile.lock. Run 'pod install' or update your CocoaPods installation.\" >&2\n    exit 1\nfi\n# This output is used by Xcode 'outputs' to avoid re-running this script phase.\necho \"SUCCESS\" > \"${SCRIPT_OUTPUT_FILE_0}\"\n";
			showEnvVarsInLog = 0;
		};
		C7E32C26B91474E6D9266D51 /* [CP] Embed Pods Frameworks */ = {
			isa = PBXShellScriptBuildPhase;
			buildActionMask = 2147483647;
			files = (
			);
			inputFileListPaths = (
				"${PODS_ROOT}/Target Support Files/Pods-NoteApp2-NoteApp2UITests/Pods-NoteApp2-NoteApp2UITests-frameworks-${CONFIGURATION}-input-files.xcfilelist",
			);
			name = "[CP] Embed Pods Frameworks";
			outputFileListPaths = (
				"${PODS_ROOT}/Target Support Files/Pods-NoteApp2-NoteApp2UITests/Pods-NoteApp2-NoteApp2UITests-frameworks-${CONFIGURATION}-output-files.xcfilelist",
			);
			runOnlyForDeploymentPostprocessing = 0;
			shellPath = /bin/sh;
			shellScript = "\"${PODS_ROOT}/Target Support Files/Pods-NoteApp2-NoteApp2UITests/Pods-NoteApp2-NoteApp2UITests-frameworks.sh\"\n";
			showEnvVarsInLog = 0;
		};
		FACAC6576B1E1C358D636732 /* [CP] Check Pods Manifest.lock */ = {
			isa = PBXShellScriptBuildPhase;
			buildActionMask = 2147483647;
			files = (
			);
			inputFileListPaths = (
			);
			inputPaths = (
				"${PODS_PODFILE_DIR_PATH}/Podfile.lock",
				"${PODS_ROOT}/Manifest.lock",
			);
			name = "[CP] Check Pods Manifest.lock";
			outputFileListPaths = (
			);
			outputPaths = (
				"$(DERIVED_FILE_DIR)/Pods-NoteApp2Tests-checkManifestLockResult.txt",
			);
			runOnlyForDeploymentPostprocessing = 0;
			shellPath = /bin/sh;
			shellScript = "diff \"${PODS_PODFILE_DIR_PATH}/Podfile.lock\" \"${PODS_ROOT}/Manifest.lock\" > /dev/null\nif [ $? != 0 ] ; then\n    # print error to STDERR\n    echo \"error: The sandbox is not in sync with the Podfile.lock. Run 'pod install' or update your CocoaPods installation.\" >&2\n    exit 1\nfi\n# This output is used by Xcode 'outputs' to avoid re-running this script phase.\necho \"SUCCESS\" > \"${SCRIPT_OUTPUT_FILE_0}\"\n";
			showEnvVarsInLog = 0;
		};
/* End PBXShellScriptBuildPhase section */

/* Begin PBXSourcesBuildPhase section */
		C5513EDD25149DFF000887BA /* Sources */ = {
			isa = PBXSourcesBuildPhase;
			buildActionMask = 2147483647;
			files = (
				C5513EE525149DFF000887BA /* AppDelegate.swift in Sources */,
				C5513F1825149EBA000887BA /* DetailView.swift in Sources */,
				C5513F1E25149EEE000887BA /* Note.swift in Sources */,
				C5513EE725149DFF000887BA /* SceneDelegate.swift in Sources */,
				C5513F1C25149EE3000887BA /* Repo.swift in Sources */,
				C5513EE925149DFF000887BA /* ContentView.swift in Sources */,
				C5513F1A25149EC1000887BA /* MyTextView.swift in Sources */,
			);
			runOnlyForDeploymentPostprocessing = 0;
		};
		C5513EF325149E02000887BA /* Sources */ = {
			isa = PBXSourcesBuildPhase;
			buildActionMask = 2147483647;
			files = (
				C5513EFC25149E02000887BA /* NoteApp2Tests.swift in Sources */,
			);
			runOnlyForDeploymentPostprocessing = 0;
		};
		C5513EFE25149E02000887BA /* Sources */ = {
			isa = PBXSourcesBuildPhase;
			buildActionMask = 2147483647;
			files = (
				C5513F0725149E02000887BA /* NoteApp2UITests.swift in Sources */,
			);
			runOnlyForDeploymentPostprocessing = 0;
		};
/* End PBXSourcesBuildPhase section */

/* Begin PBXTargetDependency section */
		C5513EF925149E02000887BA /* PBXTargetDependency */ = {
			isa = PBXTargetDependency;
			target = C5513EE025149DFF000887BA /* NoteApp2 */;
			targetProxy = C5513EF825149E02000887BA /* PBXContainerItemProxy */;
		};
		C5513F0425149E02000887BA /* PBXTargetDependency */ = {
			isa = PBXTargetDependency;
			target = C5513EE025149DFF000887BA /* NoteApp2 */;
			targetProxy = C5513F0325149E02000887BA /* PBXContainerItemProxy */;
		};
/* End PBXTargetDependency section */

/* Begin PBXVariantGroup section */
		C5513EEF25149E02000887BA /* LaunchScreen.storyboard */ = {
			isa = PBXVariantGroup;
			children = (
				C5513EF025149E02000887BA /* Base */,
			);
			name = LaunchScreen.storyboard;
			sourceTree = "<group>";
		};
/* End PBXVariantGroup section */

/* Begin XCBuildConfiguration section */
		C5513F0925149E02000887BA /* Debug */ = {
			isa = XCBuildConfiguration;
			buildSettings = {
				ALWAYS_SEARCH_USER_PATHS = NO;
				CLANG_ANALYZER_NONNULL = YES;
				CLANG_ANALYZER_NUMBER_OBJECT_CONVERSION = YES_AGGRESSIVE;
				CLANG_CXX_LANGUAGE_STANDARD = "gnu++14";
				CLANG_CXX_LIBRARY = "libc++";
				CLANG_ENABLE_MODULES = YES;
				CLANG_ENABLE_OBJC_ARC = YES;
				CLANG_ENABLE_OBJC_WEAK = YES;
				CLANG_WARN_BLOCK_CAPTURE_AUTORELEASING = YES;
				CLANG_WARN_BOOL_CONVERSION = YES;
				CLANG_WARN_COMMA = YES;
				CLANG_WARN_CONSTANT_CONVERSION = YES;
				CLANG_WARN_DEPRECATED_OBJC_IMPLEMENTATIONS = YES;
				CLANG_WARN_DIRECT_OBJC_ISA_USAGE = YES_ERROR;
				CLANG_WARN_DOCUMENTATION_COMMENTS = YES;
				CLANG_WARN_EMPTY_BODY = YES;
				CLANG_WARN_ENUM_CONVERSION = YES;
				CLANG_WARN_INFINITE_RECURSION = YES;
				CLANG_WARN_INT_CONVERSION = YES;
				CLANG_WARN_NON_LITERAL_NULL_CONVERSION = YES;
				CLANG_WARN_OBJC_IMPLICIT_RETAIN_SELF = YES;
				CLANG_WARN_OBJC_LITERAL_CONVERSION = YES;
				CLANG_WARN_OBJC_ROOT_CLASS = YES_ERROR;
				CLANG_WARN_RANGE_LOOP_ANALYSIS = YES;
				CLANG_WARN_STRICT_PROTOTYPES = YES;
				CLANG_WARN_SUSPICIOUS_MOVE = YES;
				CLANG_WARN_UNGUARDED_AVAILABILITY = YES_AGGRESSIVE;
				CLANG_WARN_UNREACHABLE_CODE = YES;
				CLANG_WARN__DUPLICATE_METHOD_MATCH = YES;
				COPY_PHASE_STRIP = NO;
				DEBUG_INFORMATION_FORMAT = dwarf;
				ENABLE_STRICT_OBJC_MSGSEND = YES;
				ENABLE_TESTABILITY = YES;
				GCC_C_LANGUAGE_STANDARD = gnu11;
				GCC_DYNAMIC_NO_PIC = NO;
				GCC_NO_COMMON_BLOCKS = YES;
				GCC_OPTIMIZATION_LEVEL = 0;
				GCC_PREPROCESSOR_DEFINITIONS = (
					"DEBUG=1",
					"$(inherited)",
				);
				GCC_WARN_64_TO_32_BIT_CONVERSION = YES;
				GCC_WARN_ABOUT_RETURN_TYPE = YES_ERROR;
				GCC_WARN_UNDECLARED_SELECTOR = YES;
				GCC_WARN_UNINITIALIZED_AUTOS = YES_AGGRESSIVE;
				GCC_WARN_UNUSED_FUNCTION = YES;
				GCC_WARN_UNUSED_VARIABLE = YES;
				IPHONEOS_DEPLOYMENT_TARGET = 13.6;
				MTL_ENABLE_DEBUG_INFO = INCLUDE_SOURCE;
				MTL_FAST_MATH = YES;
				ONLY_ACTIVE_ARCH = YES;
				SDKROOT = iphoneos;
				SWIFT_ACTIVE_COMPILATION_CONDITIONS = DEBUG;
				SWIFT_OPTIMIZATION_LEVEL = "-Onone";
			};
			name = Debug;
		};
		C5513F0A25149E02000887BA /* Release */ = {
			isa = XCBuildConfiguration;
			buildSettings = {
				ALWAYS_SEARCH_USER_PATHS = NO;
				CLANG_ANALYZER_NONNULL = YES;
				CLANG_ANALYZER_NUMBER_OBJECT_CONVERSION = YES_AGGRESSIVE;
				CLANG_CXX_LANGUAGE_STANDARD = "gnu++14";
				CLANG_CXX_LIBRARY = "libc++";
				CLANG_ENABLE_MODULES = YES;
				CLANG_ENABLE_OBJC_ARC = YES;
				CLANG_ENABLE_OBJC_WEAK = YES;
				CLANG_WARN_BLOCK_CAPTURE_AUTORELEASING = YES;
				CLANG_WARN_BOOL_CONVERSION = YES;
				CLANG_WARN_COMMA = YES;
				CLANG_WARN_CONSTANT_CONVERSION = YES;
				CLANG_WARN_DEPRECATED_OBJC_IMPLEMENTATIONS = YES;
				CLANG_WARN_DIRECT_OBJC_ISA_USAGE = YES_ERROR;
				CLANG_WARN_DOCUMENTATION_COMMENTS = YES;
				CLANG_WARN_EMPTY_BODY = YES;
				CLANG_WARN_ENUM_CONVERSION = YES;
				CLANG_WARN_INFINITE_RECURSION = YES;
				CLANG_WARN_INT_CONVERSION = YES;
				CLANG_WARN_NON_LITERAL_NULL_CONVERSION = YES;
				CLANG_WARN_OBJC_IMPLICIT_RETAIN_SELF = YES;
				CLANG_WARN_OBJC_LITERAL_CONVERSION = YES;
				CLANG_WARN_OBJC_ROOT_CLASS = YES_ERROR;
				CLANG_WARN_RANGE_LOOP_ANALYSIS = YES;
				CLANG_WARN_STRICT_PROTOTYPES = YES;
				CLANG_WARN_SUSPICIOUS_MOVE = YES;
				CLANG_WARN_UNGUARDED_AVAILABILITY = YES_AGGRESSIVE;
				CLANG_WARN_UNREACHABLE_CODE = YES;
				CLANG_WARN__DUPLICATE_METHOD_MATCH = YES;
				COPY_PHASE_STRIP = NO;
				DEBUG_INFORMATION_FORMAT = "dwarf-with-dsym";
				ENABLE_NS_ASSERTIONS = NO;
				ENABLE_STRICT_OBJC_MSGSEND = YES;
				GCC_C_LANGUAGE_STANDARD = gnu11;
				GCC_NO_COMMON_BLOCKS = YES;
				GCC_WARN_64_TO_32_BIT_CONVERSION = YES;
				GCC_WARN_ABOUT_RETURN_TYPE = YES_ERROR;
				GCC_WARN_UNDECLARED_SELECTOR = YES;
				GCC_WARN_UNINITIALIZED_AUTOS = YES_AGGRESSIVE;
				GCC_WARN_UNUSED_FUNCTION = YES;
				GCC_WARN_UNUSED_VARIABLE = YES;
				IPHONEOS_DEPLOYMENT_TARGET = 13.6;
				MTL_ENABLE_DEBUG_INFO = NO;
				MTL_FAST_MATH = YES;
				SDKROOT = iphoneos;
				SWIFT_COMPILATION_MODE = wholemodule;
				SWIFT_OPTIMIZATION_LEVEL = "-O";
				VALIDATE_PRODUCT = YES;
			};
			name = Release;
		};
		C5513F0C25149E02000887BA /* Debug */ = {
			isa = XCBuildConfiguration;
			baseConfigurationReference = 92EB1E64BAB653C24A505FE6 /* Pods-NoteApp2.debug.xcconfig */;
			buildSettings = {
				ASSETCATALOG_COMPILER_APPICON_NAME = AppIcon;
				CODE_SIGN_STYLE = Automatic;
				DEVELOPMENT_ASSET_PATHS = "\"NoteApp2/Preview Content\"";
				ENABLE_PREVIEWS = YES;
				INFOPLIST_FILE = NoteApp2/Info.plist;
				LD_RUNPATH_SEARCH_PATHS = (
					"$(inherited)",
					"@executable_path/Frameworks",
				);
				PRODUCT_BUNDLE_IDENTIFIER = NH.NoteApp2;
				PRODUCT_NAME = "$(TARGET_NAME)";
				SWIFT_VERSION = 5.0;
				TARGETED_DEVICE_FAMILY = "1,2";
			};
			name = Debug;
		};
		C5513F0D25149E02000887BA /* Release */ = {
			isa = XCBuildConfiguration;
			baseConfigurationReference = 4795BFA1D51AAC79B3DC1A6F /* Pods-NoteApp2.release.xcconfig */;
			buildSettings = {
				ASSETCATALOG_COMPILER_APPICON_NAME = AppIcon;
				CODE_SIGN_STYLE = Automatic;
				DEVELOPMENT_ASSET_PATHS = "\"NoteApp2/Preview Content\"";
				ENABLE_PREVIEWS = YES;
				INFOPLIST_FILE = NoteApp2/Info.plist;
				LD_RUNPATH_SEARCH_PATHS = (
					"$(inherited)",
					"@executable_path/Frameworks",
				);
				PRODUCT_BUNDLE_IDENTIFIER = NH.NoteApp2;
				PRODUCT_NAME = "$(TARGET_NAME)";
				SWIFT_VERSION = 5.0;
				TARGETED_DEVICE_FAMILY = "1,2";
			};
			name = Release;
		};
		C5513F0F25149E02000887BA /* Debug */ = {
			isa = XCBuildConfiguration;
			baseConfigurationReference = DF5CCC0DE232D7EAF34BED5F /* Pods-NoteApp2Tests.debug.xcconfig */;
			buildSettings = {
				ALWAYS_EMBED_SWIFT_STANDARD_LIBRARIES = YES;
				BUNDLE_LOADER = "$(TEST_HOST)";
				CODE_SIGN_STYLE = Automatic;
				INFOPLIST_FILE = NoteApp2Tests/Info.plist;
				IPHONEOS_DEPLOYMENT_TARGET = 13.6;
				LD_RUNPATH_SEARCH_PATHS = (
					"$(inherited)",
					"@executable_path/Frameworks",
					"@loader_path/Frameworks",
				);
				PRODUCT_BUNDLE_IDENTIFIER = NH.NoteApp2Tests;
				PRODUCT_NAME = "$(TARGET_NAME)";
				SWIFT_VERSION = 5.0;
				TARGETED_DEVICE_FAMILY = "1,2";
				TEST_HOST = "$(BUILT_PRODUCTS_DIR)/NoteApp2.app/NoteApp2";
			};
			name = Debug;
		};
		C5513F1025149E02000887BA /* Release */ = {
			isa = XCBuildConfiguration;
			baseConfigurationReference = 9E68DF911436E70393D86868 /* Pods-NoteApp2Tests.release.xcconfig */;
			buildSettings = {
				ALWAYS_EMBED_SWIFT_STANDARD_LIBRARIES = YES;
				BUNDLE_LOADER = "$(TEST_HOST)";
				CODE_SIGN_STYLE = Automatic;
				INFOPLIST_FILE = NoteApp2Tests/Info.plist;
				IPHONEOS_DEPLOYMENT_TARGET = 13.6;
				LD_RUNPATH_SEARCH_PATHS = (
					"$(inherited)",
					"@executable_path/Frameworks",
					"@loader_path/Frameworks",
				);
				PRODUCT_BUNDLE_IDENTIFIER = NH.NoteApp2Tests;
				PRODUCT_NAME = "$(TARGET_NAME)";
				SWIFT_VERSION = 5.0;
				TARGETED_DEVICE_FAMILY = "1,2";
				TEST_HOST = "$(BUILT_PRODUCTS_DIR)/NoteApp2.app/NoteApp2";
			};
			name = Release;
		};
		C5513F1225149E02000887BA /* Debug */ = {
			isa = XCBuildConfiguration;
			baseConfigurationReference = 3106F1611B0FE472B1E89F31 /* Pods-NoteApp2-NoteApp2UITests.debug.xcconfig */;
			buildSettings = {
				ALWAYS_EMBED_SWIFT_STANDARD_LIBRARIES = YES;
				CODE_SIGN_STYLE = Automatic;
				INFOPLIST_FILE = NoteApp2UITests/Info.plist;
				LD_RUNPATH_SEARCH_PATHS = (
					"$(inherited)",
					"@executable_path/Frameworks",
					"@loader_path/Frameworks",
				);
				PRODUCT_BUNDLE_IDENTIFIER = NH.NoteApp2UITests;
				PRODUCT_NAME = "$(TARGET_NAME)";
				SWIFT_VERSION = 5.0;
				TARGETED_DEVICE_FAMILY = "1,2";
				TEST_TARGET_NAME = NoteApp2;
			};
			name = Debug;
		};
		C5513F1325149E02000887BA /* Release */ = {
			isa = XCBuildConfiguration;
			baseConfigurationReference = 34DD6DE3915E153AA107B907 /* Pods-NoteApp2-NoteApp2UITests.release.xcconfig */;
			buildSettings = {
				ALWAYS_EMBED_SWIFT_STANDARD_LIBRARIES = YES;
				CODE_SIGN_STYLE = Automatic;
				INFOPLIST_FILE = NoteApp2UITests/Info.plist;
				LD_RUNPATH_SEARCH_PATHS = (
					"$(inherited)",
					"@executable_path/Frameworks",
					"@loader_path/Frameworks",
				);
				PRODUCT_BUNDLE_IDENTIFIER = NH.NoteApp2UITests;
				PRODUCT_NAME = "$(TARGET_NAME)";
				SWIFT_VERSION = 5.0;
				TARGETED_DEVICE_FAMILY = "1,2";
				TEST_TARGET_NAME = NoteApp2;
			};
			name = Release;
		};
/* End XCBuildConfiguration section */

/* Begin XCConfigurationList section */
		C5513EDC25149DFF000887BA /* Build configuration list for PBXProject "NoteApp2" */ = {
			isa = XCConfigurationList;
			buildConfigurations = (
				C5513F0925149E02000887BA /* Debug */,
				C5513F0A25149E02000887BA /* Release */,
			);
			defaultConfigurationIsVisible = 0;
			defaultConfigurationName = Release;
		};
		C5513F0B25149E02000887BA /* Build configuration list for PBXNativeTarget "NoteApp2" */ = {
			isa = XCConfigurationList;
			buildConfigurations = (
				C5513F0C25149E02000887BA /* Debug */,
				C5513F0D25149E02000887BA /* Release */,
			);
			defaultConfigurationIsVisible = 0;
			defaultConfigurationName = Release;
		};
		C5513F0E25149E02000887BA /* Build configuration list for PBXNativeTarget "NoteApp2Tests" */ = {
			isa = XCConfigurationList;
			buildConfigurations = (
				C5513F0F25149E02000887BA /* Debug */,
				C5513F1025149E02000887BA /* Release */,
			);
			defaultConfigurationIsVisible = 0;
			defaultConfigurationName = Release;
		};
		C5513F1125149E02000887BA /* Build configuration list for PBXNativeTarget "NoteApp2UITests" */ = {
			isa = XCConfigurationList;
			buildConfigurations = (
				C5513F1225149E02000887BA /* Debug */,
				C5513F1325149E02000887BA /* Release */,
			);
			defaultConfigurationIsVisible = 0;
			defaultConfigurationName = Release;
		};
/* End XCConfigurationList section */
	};
	rootObject = C5513ED925149DFF000887BA /* Project object */;
}
